
Microsoft Visual Studio Solution File, Format Version 12.00
# Visual Studio Version 16
VisualStudioVersion = 16.0.31229.75
MinimumVisualStudioVersion = 10.0.40219.1
Project("{FAE04EC0-301F-11D3-BF4B-00C04F79EFBC}") = "test", "test\test.csproj", "{D9651304-72B9-4427-AA8D-312CB1ED64B9}"
EndProject
Global
	GlobalSection(SolutionConfigurationPlatforms) = preSolution
		Debug|Any CPU = Debug|Any CPU
		Release|Any CPU = Release|Any CPU
	EndGlobalSection
	GlobalSection(ProjectConfigurationPlatforms) = postSolution
		{D9651304-72B9-4427-AA8D-312CB1ED64B9}.Debug|Any CPU.ActiveCfg = Debug|Any CPU
		{D9651304-72B9-4427-AA8D-312CB1ED64B9}.Debug|Any CPU.Build.0 = Debug|Any CPU
		{D9651304-72B9-4427-AA8D-312CB1ED64B9}.Release|Any CPU.ActiveCfg = Release|Any CPU
		{D9651304-72B9-4427-AA8D-312CB1ED64B9}.Release|Any CPU.Build.0 = Release|Any CPU
	EndGlobalSection
	GlobalSection(SolutionProperties) = preSolution
		HideSolutionNode = FALSE
	EndGlobalSection
	GlobalSection(ExtensibilityGlobals) = postSolution
		SolutionGuid = {DB75E56D-7096-49E2-AA63-CF37611899D1}
	EndGlobalSection
EndGlobal
